// !$*UTF8*$!
{
	archiveVersion = 1;
	classes = {
	};
	objectVersion = 110;
	objects = {

/* Begin PBXContainerItemProxy section */
		6990E56E3066828000C6DC00 /* PBXContainerItemProxy */ = {
			isa = PBXContainerItemProxy;
			containerPortal = 6990E5583066827F00C6DC00 /* Project object */;
			proxyType = 1;
			remoteGlobalIDString = 6990E55F3066827F00C6DC00;
			remoteInfo = Terminal;
		};
		6990E5783066828000C6DC00 /* PBXContainerItemProxy */ = {
			isa = PBXContainerItemProxy;
			containerPortal = 6990E5583066827F00C6DC00 /* Project object */;
			proxyType = 1;
			remoteGlobalIDString = 6990E55F3066827F00C6DC00;
			remoteInfo = Terminal;
		};
/* End PBXContainerItemProxy section */

/* Begin PBXFileReference section */
		6990E5603066827F00C6DC00 /* Terminal.app */ = {isa = PBXFileReference; explicitFileType = wrapper.application; includeInIndex = 0; path = Terminal.app; sourceTree = BUILT_PRODUCTS_DIR; };
		6990E56D3066828000C6DC00 /* TerminalTests.xctest */ = {isa = PBXFileReference; explicitFileType = wrapper.cfbundle; includeInIndex = 0; path = TerminalTests.xctest; sourceTree = BUILT_PRODUCTS_DIR; };
		6990E5773066828000C6DC00 /* TerminalUITests.xctest */ = {isa = PBXFileReference; explicitFileType = wrapper.cfbundle; includeInIndex = 0; path = TerminalUITests.xctest; sourceTree = BUILT_PRODUCTS_DIR; };
/* End PBXFileReference section */

/* Begin PBXFileSystemSynchronizedRootGroup section */
		6990E5623066827F00C6DC00 /* Terminal */ = {
			isa = PBXFileSystemSynchronizedRootGroup;
			path = Terminal;
			sourceTree = "<group>";
		};
		6990E5703066828000C6DC00 /* TerminalTests */ = {
			isa = PBXFileSystemSynchronizedRootGroup;
			path = TerminalTests;
			sourceTree = "<group>";
		};
		6990E57A3066828000C6DC00 /* TerminalUITests */ = {
			isa = PBXFileSystemSynchronizedRootGroup;
			path = TerminalUITests;
			sourceTree = "<group>";
		};
/* End PBXFileSystemSynchronizedRootGroup section */

/* Begin PBXFrameworksBuildPhase section */
		6990E55D3066827F00C6DC00 /* Frameworks */ = {
			isa = PBXFrameworksBuildPhase;
			files = (
			);
		};
		6990E56A3066828000C6DC00 /* Frameworks */ = {
			isa = PBXFrameworksBuildPhase;
			files = (
			);
		};
		6990E5743066828000C6DC00 /* Frameworks */ = {
			isa = PBXFrameworksBuildPhase;
			files = (
			);
		};
/* End PBXFrameworksBuildPhase section */

/* Begin PBXGroup section */
		6990E5573066827F00C6DC00 = {
			isa = PBXGroup;
			children = (
				6990E5623066827F00C6DC00 /* Terminal */,
				6990E5703066828000C6DC00 /* TerminalTests */,
				6990E57A3066828000C6DC00 /* TerminalUITests */,
				6990E5613066827F00C6DC00 /* Products */,
			);
			sourceTree = "<group>";
		};
		6990E5613066827F00C6DC00 /* Products */ = {
			isa = PBXGroup;
			children = (
				6990E5603066827F00C6DC00 /* Terminal.app */,
				6990E56D3066828000C6DC00 /* TerminalTests.xctest */,
				6990E5773066828000C6DC00 /* TerminalUITests.xctest */,
			);
			name = Products;
			sourceTree = "<group>";
		};
/* End PBXGroup section */

/* Begin PBXNativeTarget section */
		6990E55F3066827F00C6DC00 /* Terminal */ = {
			isa = PBXNativeTarget;
			buildConfigurationList = 6990E57F3066828000C6DC00 /* Build configuration list for PBXNativeTarget "Terminal" */;
			buildPhases = (
				6990E55C3066827F00C6DC00 /* Sources */,
				6990E55D3066827F00C6DC00 /* Frameworks */,
				6990E55E3066827F00C6DC00 /* Resources */,
			);
			buildRules = (
			);
			fileSystemSynchronizedGroups = (
				6990E5623066827F00C6DC00 /* Terminal */,
			);
			name = Terminal;
			productName = Terminal;
			productReference = 6990E5603066827F00C6DC00 /* Terminal.app */;
			productType = "com.apple.product-type.application";
		};
		6990E56C3066828000C6DC00 /* TerminalTests */ = {
			isa = PBXNativeTarget;
			buildConfigurationList = 6990E5823066828000C6DC00 /* Build configuration list for PBXNativeTarget "TerminalTests" */;
			buildPhases = (
				6990E5693066828000C6DC00 /* Sources */,
				6990E56A3066828000C6DC00 /* Frameworks */,
				6990E56B3066828000C6DC00 /* Resources */,
			);
			buildRules = (
			);
			dependencies = (
				6990E56F3066828000C6DC00 /* PBXTargetDependency */,
			);
			fileSystemSynchronizedGroups = (
				6990E5703066828000C6DC00 /* TerminalTests */,
			);
			name = TerminalTests;
			productName = TerminalTests;
			productReference = 6990E56D3066828000C6DC00 /* TerminalTests.xctest */;
			productType = "com.apple.product-type.bundle.unit-test";
		};
		6990E5763066828000C6DC00 /* TerminalUITests */ = {
			isa = PBXNativeTarget;
			buildConfigurationList = 6990E5853066828000C6DC00 /* Build configuration list for PBXNativeTarget "TerminalUITests" */;
			buildPhases = (
				6990E5733066828000C6DC00 /* Sources */,
				6990E5743066828000C6DC00 /* Frameworks */,
				6990E5753066828000C6DC00 /* Resources */,
			);
			buildRules = (
			);
			dependencies = (
				6990E5793066828000C6DC00 /* PBXTargetDependency */,
			);
			fileSystemSynchronizedGroups = (
				6990E57A3066828000C6DC00 /* TerminalUITests */,
			);
			name = TerminalUITests;
			productName = TerminalUITests;
			productReference = 6990E5773066828000C6DC00 /* TerminalUITests.xctest */;
			productType = "com.apple.product-type.bundle.ui-testing";
		};
/* End PBXNativeTarget section */

/* Begin PBXProject section */
		6990E5583066827F00C6DC00 /* Project object */ = {
			isa = PBXProject;
			attributes = {
				BuildIndependentTargetsInParallel = 1;
				LastSwiftUpdateCheck = 2700;
				LastUpgradeCheck = 2700;
				TargetAttributes = {
					6990E55F3066827F00C6DC00 = {
						CreatedOnToolsVersion = 27.0;
					};
					6990E56C3066828000C6DC00 = {
						CreatedOnToolsVersion = 27.0;
						TestTargetID = 6990E55F3066827F00C6DC00;
					};
					6990E5763066828000C6DC00 = {
						CreatedOnToolsVersion = 27.0;
						TestTargetID = 6990E55F3066827F00C6DC00;
					};
				};
			};
			buildConfigurationList = 6990E55B3066827F00C6DC00 /* Build configuration list for PBXProject "Terminal" */;
			developmentRegion = en;
			hasScannedForEncodings = 0;
			knownRegions = (
				en,
				Base,
			);
			mainGroup = 6990E5573066827F00C6DC00;
			minimizedProjectReferenceProxies = 1;
			preferredProjectObjectVersion = 77;
			productRefGroup = 6990E5613066827F00C6DC00 /* Products */;
			projectDirPath = "";
			projectRoot = "";
			targets = (
				6990E55F3066827F00C6DC00 /* Terminal */,
				6990E56C3066828000C6DC00 /* TerminalTests */,
				6990E5763066828000C6DC00 /* TerminalUITests */,
			);
		};
/* End PBXProject section */

/* Begin PBXResourcesBuildPhase section */
		6990E55E3066827F00C6DC00 /* Resources */ = {
			isa = PBXResourcesBuildPhase;
			files = (
			);
		};
		6990E56B3066828000C6DC00 /* Resources */ = {
			isa = PBXResourcesBuildPhase;
			files = (
			);
		};
		6990E5753066828000C6DC00 /* Resources */ = {
			isa = PBXResourcesBuildPhase;
			files = (
			);
		};
/* End PBXResourcesBuildPhase section */

/* Begin PBXSourcesBuildPhase section */
		6990E55C3066827F00C6DC00 /* Sources */ = {
			isa = PBXSourcesBuildPhase;
			files = (
			);
		};
		6990E5693066828000C6DC00 /* Sources */ = {
			isa = PBXSourcesBuildPhase;
			files = (
			);
		};
		6990E5733066828000C6DC00 /* Sources */ = {
			isa = PBXSourcesBuildPhase;
			files = (
			);
		};
/* End PBXSourcesBuildPhase section */

/* Begin PBXTargetDependency section */
		6990E56F3066828000C6DC00 /* PBXTargetDependency */ = {
			isa = PBXTargetDependency;
			target = 6990E55F3066827F00C6DC00 /* Terminal */;
			targetProxy = 6990E56E3066828000C6DC00 /* PBXContainerItemProxy */;
		};
		6990E5793066828000C6DC00 /* PBXTargetDependency */ = {
			isa = PBXTargetDependency;
			target = 6990E55F3066827F00C6DC00 /* Terminal */;
			targetProxy = 6990E5783066828000C6DC00 /* PBXContainerItemProxy */;
		};
/* End PBXTargetDependency section */

/* Begin XCBuildConfiguration section */
		6990E57D3066828000C6DC00 /* Debug configuration for PBXProject "Terminal" */ = {
			isa = XCBuildConfiguration;
			buildSettings = {
				ALWAYS_SEARCH_USER_PATHS = NO;
				ASSETCATALOG_COMPILER_GENERATE_SWIFT_ASSET_SYMBOL_EXTENSIONS = YES;
				CLANG_ANALYZER_NONNULL = YES;
				CLANG_ANALYZER_NUMBER_OBJECT_CONVERSION = YES_AGGRESSIVE;
				CLANG_CXX_LANGUAGE_STANDARD = "gnu++20";
				CLANG_ENABLE_MODULES = YES;
				CLANG_ENABLE_OBJC_ARC = YES;
				CLANG_ENABLE_OBJC_WEAK = YES;
				CLANG_WARN_BLOCK_CAPTURE_AUTORELEASING = YES;
				CLANG_WARN_BOOL_CONVERSION = YES;
				CLANG_WARN_COMMA = YES;
				CLANG_WARN_CONSTANT_CONVERSION = YES;
				CLANG_WARN_DEPRECATED_OBJC_IMPLEMENTATIONS = YES;
				CLANG_WARN_DIRECT_OBJC_ISA_USAGE = YES_ERROR;
				CLANG_WARN_DOCUMENTATION_COMMENTS = YES;
				CLANG_WARN_EMPTY_BODY = YES;
				CLANG_WARN_ENUM_CONVERSION = YES;
				CLANG_WARN_INFINITE_RECURSION = YES;
				CLANG_WARN_INT_CONVERSION = YES;
				CLANG_WARN_NON_LITERAL_NULL_CONVERSION = YES;
				CLANG_WARN_OBJC_IMPLICIT_RETAIN_SELF = YES;
				CLANG_WARN_OBJC_LITERAL_CONVERSION = YES;
				CLANG_WARN_OBJC_ROOT_CLASS = YES_ERROR;
				CLANG_WARN_QUOTED_INCLUDE_IN_FRAMEWORK_HEADER = YES;
				CLANG_WARN_RANGE_LOOP_ANALYSIS = YES;
				CLANG_WARN_STRICT_PROTOTYPES = YES;
				CLANG_WARN_SUSPICIOUS_MOVE = YES;
				CLANG_WARN_UNGUARDED_AVAILABILITY = YES_AGGRESSIVE;
				CLANG_WARN_UNREACHABLE_CODE = YES;
				CLANG_WARN__DUPLICATE_METHOD_MATCH = YES;
				COPY_PHASE_STRIP = NO;
				DEBUG_INFORMATION_FORMAT = dwarf;
				DEVELOPMENT_TEAM = STNCBZ9N84;
				ENABLE_STRICT_OBJC_MSGSEND = YES;
				ENABLE_TESTABILITY = YES;
				ENABLE_USER_SCRIPT_SANDBOXING = YES;
				GCC_C_LANGUAGE_STANDARD = gnu17;
				GCC_DYNAMIC_NO_PIC = NO;
				GCC_NO_COMMON_BLOCKS = YES;
				GCC_OPTIMIZATION_LEVEL = 0;
				GCC_PREPROCESSOR_DEFINITIONS = (
					"DEBUG=1",
					"$(inherited)",
				);
				GCC_WARN_64_TO_32_BIT_CONVERSION = YES;
				GCC_WARN_ABOUT_RETURN_TYPE = YES_ERROR;
				GCC_WARN_UNDECLARED_SELECTOR = YES;
				GCC_WARN_UNINITIALIZED_AUTOS = YES_AGGRESSIVE;
				GCC_WARN_UNUSED_FUNCTION = YES;
				GCC_WARN_UNUSED_VARIABLE = YES;
				IPHONEOS_DEPLOYMENT_TARGET = 26.0;
				LOCALIZATION_PREFERS_STRING_CATALOGS = YES;
				MTL_ENABLE_DEBUG_INFO = INCLUDE_SOURCE;
				MTL_FAST_MATH = YES;
				ONLY_ACTIVE_ARCH = YES;
				SDKROOT = iphoneos;
				SWIFT_ACTIVE_COMPILATION_CONDITIONS = "DEBUG $(inherited)";
				SWIFT_OPTIMIZATION_LEVEL = "-Onone";
			};
			name = Debug;
		};
		6990E57E3066828000C6DC00 /* Release configuration for PBXProject "Terminal" */ = {
			isa = XCBuildConfiguration;
			buildSettings = {
				ALWAYS_SEARCH_USER_PATHS = NO;
				ASSETCATALOG_COMPILER_GENERATE_SWIFT_ASSET_SYMBOL_EXTENSIONS = YES;
				CLANG_ANALYZER_NONNULL = YES;
				CLANG_ANALYZER_NUMBER_OBJECT_CONVERSION = YES_AGGRESSIVE;
				CLANG_CXX_LANGUAGE_STANDARD = "gnu++20";
				CLANG_ENABLE_MODULES = YES;
				CLANG_ENABLE_OBJC_ARC = YES;
				CLANG_ENABLE_OBJC_WEAK = YES;
				CLANG_WARN_BLOCK_CAPTURE_AUTORELEASING = YES;
				CLANG_WARN_BOOL_CONVERSION = YES;
				CLANG_WARN_COMMA = YES;
				CLANG_WARN_CONSTANT_CONVERSION = YES;
				CLANG_WARN_DEPRECATED_OBJC_IMPLEMENTATIONS = YES;
				CLANG_WARN_DIRECT_OBJC_ISA_USAGE = YES_ERROR;
				CLANG_WARN_DOCUMENTATION_COMMENTS = YES;
				CLANG_WARN_EMPTY_BODY = YES;
				CLANG_WARN_ENUM_CONVERSION = YES;
				CLANG_WARN_INFINITE_RECURSION = YES;
				CLANG_WARN_INT_CONVERSION = YES;
				CLANG_WARN_NON_LITERAL_NULL_CONVERSION = YES;
				CLANG_WARN_OBJC_IMPLICIT_RETAIN_SELF = YES;
				CLANG_WARN_OBJC_LITERAL_CONVERSION = YES;
				CLANG_WARN_OBJC_ROOT_CLASS = YES_ERROR;
				CLANG_WARN_QUOTED_INCLUDE_IN_FRAMEWORK_HEADER = YES;
				CLANG_WARN_RANGE_LOOP_ANALYSIS = YES;
				CLANG_WARN_STRICT_PROTOTYPES = YES;
				CLANG_WARN_SUSPICIOUS_MOVE = YES;
				CLANG_WARN_UNGUARDED_AVAILABILITY = YES_AGGRESSIVE;
				CLANG_WARN_UNREACHABLE_CODE = YES;
				CLANG_WARN__DUPLICATE_METHOD_MATCH = YES;
				COPY_PHASE_STRIP = NO;
				DEBUG_INFORMATION_FORMAT = "dwarf-with-dsym";
				DEVELOPMENT_TEAM = STNCBZ9N84;
				ENABLE_NS_ASSERTIONS = NO;
				ENABLE_STRICT_OBJC_MSGSEND = YES;
				ENABLE_USER_SCRIPT_SANDBOXING = YES;
				GCC_C_LANGUAGE_STANDARD = gnu17;
				GCC_NO_COMMON_BLOCKS = YES;
				GCC_WARN_64_TO_32_BIT_CONVERSION = YES;
				GCC_WARN_ABOUT_RETURN_TYPE = YES_ERROR;
				GCC_WARN_UNDECLARED_SELECTOR = YES;
				GCC_WARN_UNINITIALIZED_AUTOS = YES_AGGRESSIVE;
				GCC_WARN_UNUSED_FUNCTION = YES;
				GCC_WARN_UNUSED_VARIABLE = YES;
				IPHONEOS_DEPLOYMENT_TARGET = 26.0;
				LOCALIZATION_PREFERS_STRING_CATALOGS = YES;
				MTL_ENABLE_DEBUG_INFO = NO;
				MTL_FAST_MATH = YES;
				SDKROOT = iphoneos;
				SWIFT_COMPILATION_MODE = wholemodule;
				VALIDATE_PRODUCT = YES;
			};
			name = Release;
		};
		6990E5803066828000C6DC00 /* Debug configuration for PBXNativeTarget "Terminal" */ = {
			isa = XCBuildConfiguration;
			buildSettings = {
				ASSETCATALOG_COMPILER_APPICON_NAME = AppIcon;
				ASSETCATALOG_COMPILER_GLOBAL_ACCENT_COLOR_NAME = AccentColor;
				CODE_SIGN_STYLE = Automatic;
				CURRENT_PROJECT_VERSION = 1;
				DEVELOPMENT_TEAM = STNCBZ9N84;
				ENABLE_PREVIEWS = YES;
				GENERATE_INFOPLIST_FILE = YES;
				INFOPLIST_FILE = Config/Info.plist;
				INFOPLIST_KEY_CFBundleDisplayName = Terminal;
				INFOPLIST_KEY_UIApplicationSceneManifest_Generation = YES;
				INFOPLIST_KEY_UIApplicationSupportsIndirectInputEvents = YES;
				INFOPLIST_KEY_UILaunchScreen_Generation = YES;
				INFOPLIST_KEY_UISupportedInterfaceOrientations_iPhone = UIInterfaceOrientationPortrait;
				INFOPLIST_KEY_UIUserInterfaceStyle = Dark;
				IPHONEOS_DEPLOYMENT_TARGET = 26.0;
				LD_RUNPATH_SEARCH_PATHS = (
					"$(inherited)",
					"@executable_path/Frameworks",
				);
				MARKETING_VERSION = 1.0;
				PRODUCT_BUNDLE_IDENTIFIER = com.terminalaero;
				PRODUCT_NAME = "$(TARGET_NAME)";
				STRING_CATALOG_GENERATE_SYMBOLS = YES;
				SUPPORTED_PLATFORMS = "iphoneos iphonesimulator";
				SUPPORTS_MACCATALYST = NO;
				SUPPORTS_MAC_DESIGNED_FOR_IPHONE_IPAD = NO;
				SUPPORTS_XR_DESIGNED_FOR_IPHONE_IPAD = NO;
				SWIFT_APPROACHABLE_CONCURRENCY = YES;
				SWIFT_DEFAULT_ACTOR_ISOLATION = MainActor;
				SWIFT_EMIT_LOC_STRINGS = YES;
				SWIFT_UPCOMING_FEATURE_MEMBER_IMPORT_VISIBILITY = YES;
				SWIFT_VERSION = 6.0;
				TARGETED_DEVICE_FAMILY = 1;
			};
			name = Debug;
		};
		6990E5813066828000C6DC00 /* Release configuration for PBXNativeTarget "Terminal" */ = {
			isa = XCBuildConfiguration;
			buildSettings = {
				ASSETCATALOG_COMPILER_APPICON_NAME = AppIcon;
				ASSETCATALOG_COMPILER_GLOBAL_ACCENT_COLOR_NAME = AccentColor;
				CODE_SIGN_STYLE = Automatic;
				CURRENT_PROJECT_VERSION = 1;
				DEVELOPMENT_TEAM = STNCBZ9N84;
				ENABLE_PREVIEWS = YES;
				GENERATE_INFOPLIST_FILE = YES;
				INFOPLIST_FILE = Config/Info.plist;
				INFOPLIST_KEY_CFBundleDisplayName = Terminal;
				INFOPLIST_KEY_UIApplicationSceneManifest_Generation = YES;
				INFOPLIST_KEY_UIApplicationSupportsIndirectInputEvents = YES;
				INFOPLIST_KEY_UILaunchScreen_Generation = YES;
				INFOPLIST_KEY_UISupportedInterfaceOrientations_iPhone = UIInterfaceOrientationPortrait;
				INFOPLIST_KEY_UIUserInterfaceStyle = Dark;
				IPHONEOS_DEPLOYMENT_TARGET = 26.0;
				LD_RUNPATH_SEARCH_PATHS = (
					"$(inherited)",
					"@executable_path/Frameworks",
				);
				MARKETING_VERSION = 1.0;
				PRODUCT_BUNDLE_IDENTIFIER = com.terminalaero;
				PRODUCT_NAME = "$(TARGET_NAME)";
				STRING_CATALOG_GENERATE_SYMBOLS = YES;
				SUPPORTED_PLATFORMS = "iphoneos iphonesimulator";
				SUPPORTS_MACCATALYST = NO;
				SUPPORTS_MAC_DESIGNED_FOR_IPHONE_IPAD = NO;
				SUPPORTS_XR_DESIGNED_FOR_IPHONE_IPAD = NO;
				SWIFT_APPROACHABLE_CONCURRENCY = YES;
				SWIFT_DEFAULT_ACTOR_ISOLATION = MainActor;
				SWIFT_EMIT_LOC_STRINGS = YES;
				SWIFT_UPCOMING_FEATURE_MEMBER_IMPORT_VISIBILITY = YES;
				SWIFT_VERSION = 6.0;
				TARGETED_DEVICE_FAMILY = 1;
			};
			name = Release;
		};
		6990E5833066828000C6DC00 /* Debug configuration for PBXNativeTarget "TerminalTests" */ = {
			isa = XCBuildConfiguration;
			buildSettings = {
				BUNDLE_LOADER = "$(TEST_HOST)";
				CODE_SIGN_STYLE = Automatic;
				CURRENT_PROJECT_VERSION = 1;
				DEVELOPMENT_TEAM = STNCBZ9N84;
				GENERATE_INFOPLIST_FILE = YES;
				IPHONEOS_DEPLOYMENT_TARGET = 26.0;
				MARKETING_VERSION = 1.0;
				PRODUCT_BUNDLE_IDENTIFIER = com.terminalaero.TerminalTests;
				PRODUCT_NAME = "$(TARGET_NAME)";
				STRING_CATALOG_GENERATE_SYMBOLS = NO;
				SWIFT_APPROACHABLE_CONCURRENCY = YES;
				SWIFT_EMIT_LOC_STRINGS = NO;
				SWIFT_UPCOMING_FEATURE_MEMBER_IMPORT_VISIBILITY = YES;
				SWIFT_VERSION = 6.0;
				TARGETED_DEVICE_FAMILY = 1;
				TEST_HOST = "$(BUILT_PRODUCTS_DIR)/Terminal.app/$(BUNDLE_EXECUTABLE_FOLDER_PATH)/Terminal";
			};
			name = Debug;
		};
		6990E5843066828000C6DC00 /* Release configuration for PBXNativeTarget "TerminalTests" */ = {
			isa = XCBuildConfiguration;
			buildSettings = {
				BUNDLE_LOADER = "$(TEST_HOST)";
				CODE_SIGN_STYLE = Automatic;
				CURRENT_PROJECT_VERSION = 1;
				DEVELOPMENT_TEAM = STNCBZ9N84;
				GENERATE_INFOPLIST_FILE = YES;
				IPHONEOS_DEPLOYMENT_TARGET = 26.0;
				MARKETING_VERSION = 1.0;
				PRODUCT_BUNDLE_IDENTIFIER = com.terminalaero.TerminalTests;
				PRODUCT_NAME = "$(TARGET_NAME)";
				STRING_CATALOG_GENERATE_SYMBOLS = NO;
				SWIFT_APPROACHABLE_CONCURRENCY = YES;
				SWIFT_EMIT_LOC_STRINGS = NO;
				SWIFT_UPCOMING_FEATURE_MEMBER_IMPORT_VISIBILITY = YES;
				SWIFT_VERSION = 6.0;
				TARGETED_DEVICE_FAMILY = 1;
				TEST_HOST = "$(BUILT_PRODUCTS_DIR)/Terminal.app/$(BUNDLE_EXECUTABLE_FOLDER_PATH)/Terminal";
			};
			name = Release;
		};
		6990E5863066828000C6DC00 /* Debug configuration for PBXNativeTarget "TerminalUITests" */ = {
			isa = XCBuildConfiguration;
			buildSettings = {
				CODE_SIGN_STYLE = Automatic;
				CURRENT_PROJECT_VERSION = 1;
				DEVELOPMENT_TEAM = STNCBZ9N84;
				GENERATE_INFOPLIST_FILE = YES;
				MARKETING_VERSION = 1.0;
				PRODUCT_BUNDLE_IDENTIFIER = com.terminalaero.TerminalUITests;
				PRODUCT_NAME = "$(TARGET_NAME)";
				STRING_CATALOG_GENERATE_SYMBOLS = NO;
				SWIFT_APPROACHABLE_CONCURRENCY = YES;
				SWIFT_EMIT_LOC_STRINGS = NO;
				SWIFT_UPCOMING_FEATURE_MEMBER_IMPORT_VISIBILITY = YES;
				SWIFT_VERSION = 6.0;
				TARGETED_DEVICE_FAMILY = 1;
				TEST_TARGET_NAME = Terminal;
			};
			name = Debug;
		};
		6990E5873066828000C6DC00 /* Release configuration for PBXNativeTarget "TerminalUITests" */ = {
			isa = XCBuildConfiguration;
			buildSettings = {
				CODE_SIGN_STYLE = Automatic;
				CURRENT_PROJECT_VERSION = 1;
				DEVELOPMENT_TEAM = STNCBZ9N84;
				GENERATE_INFOPLIST_FILE = YES;
				MARKETING_VERSION = 1.0;
				PRODUCT_BUNDLE_IDENTIFIER = com.terminalaero.TerminalUITests;
				PRODUCT_NAME = "$(TARGET_NAME)";
				STRING_CATALOG_GENERATE_SYMBOLS = NO;
				SWIFT_APPROACHABLE_CONCURRENCY = YES;
				SWIFT_EMIT_LOC_STRINGS = NO;
				SWIFT_UPCOMING_FEATURE_MEMBER_IMPORT_VISIBILITY = YES;
				SWIFT_VERSION = 6.0;
				TARGETED_DEVICE_FAMILY = 1;
				TEST_TARGET_NAME = Terminal;
			};
			name = Release;
		};
/* End XCBuildConfiguration section */

/* Begin XCConfigurationList section */
		6990E55B3066827F00C6DC00 /* Build configuration list for PBXProject "Terminal" */ = {
			isa = XCConfigurationList;
			buildConfigurations = (
				6990E57D3066828000C6DC00 /* Debug configuration for PBXProject "Terminal" */,
				6990E57E3066828000C6DC00 /* Release configuration for PBXProject "Terminal" */,
			);
			defaultConfigurationName = Release;
		};
		6990E57F3066828000C6DC00 /* Build configuration list for PBXNativeTarget "Terminal" */ = {
			isa = XCConfigurationList;
			buildConfigurations = (
				6990E5803066828000C6DC00 /* Debug configuration for PBXNativeTarget "Terminal" */,
				6990E5813066828000C6DC00 /* Release configuration for PBXNativeTarget "Terminal" */,
			);
			defaultConfigurationName = Release;
		};
		6990E5823066828000C6DC00 /* Build configuration list for PBXNativeTarget "TerminalTests" */ = {
			isa = XCConfigurationList;
			buildConfigurations = (
				6990E5833066828000C6DC00 /* Debug configuration for PBXNativeTarget "TerminalTests" */,
				6990E5843066828000C6DC00 /* Release configuration for PBXNativeTarget "TerminalTests" */,
			);
			defaultConfigurationName = Release;
		};
		6990E5853066828000C6DC00 /* Build configuration list for PBXNativeTarget "TerminalUITests" */ = {
			isa = XCConfigurationList;
			buildConfigurations = (
				6990E5863066828000C6DC00 /* Debug configuration for PBXNativeTarget "TerminalUITests" */,
				6990E5873066828000C6DC00 /* Release configuration for PBXNativeTarget "TerminalUITests" */,
			);
			defaultConfigurationName = Release;
		};
/* End XCConfigurationList section */
	};
	rootObject = 6990E5583066827F00C6DC00 /* Project object */;
	validationLevel = 1;
}
